// !$*UTF8*$!
{
	archiveVersion = 1;
	classes = {
	};
	objectVersion = 77;
	objects = {

/* Begin PBXContainerItemProxy section */
		489A02112F310CB3002A2A88 /* PBXContainerItemProxy */ = {
			isa = PBXContainerItemProxy;
			containerPortal = 489A01F82F310CB1002A2A88 /* Project object */;
			proxyType = 1;
			remoteGlobalIDString = 489A01FF2F310CB2002A2A88;
			remoteInfo = debtr;
		};
		489A021B2F310CB3002A2A88 /* PBXContainerItemProxy */ = {
			isa = PBXContainerItemProxy;
			containerPortal = 489A01F82F310CB1002A2A88 /* Project object */;
			proxyType = 1;
			remoteGlobalIDString = 489A01FF2F310CB2002A2A88;
			remoteInfo = debtr;
		};
/* End PBXContainerItemProxy section */

/* Begin PBXFileReference section */
		489A02002F310CB2002A2A88 /* debtr.app */ = {isa = PBXFileReference; explicitFileType = wrapper.application; includeInIndex = 0; path = debtr.app; sourceTree = BUILT_PRODUCTS_DIR; };
		489A02102F310CB3002A2A88 /* debtrTests.xctest */ = {isa = PBXFileReference; explicitFileType = wrapper.cfbundle; includeInIndex = 0; path = debtrTests.xctest; sourceTree = BUILT_PRODUCTS_DIR; };
		489A021A2F310CB3002A2A88 /* debtrUITests.xctest */ = {isa = PBXFileReference; explicitFileType = wrapper.cfbundle; includeInIndex = 0; path = debtrUITests.xctest; sourceTree = BUILT_PRODUCTS_DIR; };
/* End PBXFileReference section */

/* Begin PBXFileSystemSynchronizedRootGroup section */
		489A02022F310CB2002A2A88 /* debtr */ = {
			isa = PBXFileSystemSynchronizedRootGroup;
			path = debtr;
			sourceTree = "<group>";
		};
		489A02132F310CB3002A2A88 /* debtrTests */ = {
			isa = PBXFileSystemSynchronizedRootGroup;
			path = debtrTests;
			sourceTree = "<group>";
		};
		489A021D2F310CB3002A2A88 /* debtrUITests */ = {
			isa = PBXFileSystemSynchronizedRootGroup;
			path = debtrUITests;
			sourceTree = "<group>";
		};
/* End PBXFileSystemSynchronizedRootGroup section */

/* Begin PBXFrameworksBuildPhase section */
		489A01FD2F310CB2002A2A88 /* Frameworks */ = {
			isa = PBXFrameworksBuildPhase;
			buildActionMask = 2147483647;
			files = (
			);
			runOnlyForDeploymentPostprocessing = 0;
		};
		489A020D2F310CB3002A2A88 /* Frameworks */ = {
			isa = PBXFrameworksBuildPhase;
			buildActionMask = 2147483647;
			files = (
			);
			runOnlyForDeploymentPostprocessing = 0;
		};
		489A02172F310CB3002A2A88 /* Frameworks */ = {
			isa = PBXFrameworksBuildPhase;
			buildActionMask = 2147483647;
			files = (
			);
			runOnlyForDeploymentPostprocessing = 0;
		};
/* End PBXFrameworksBuildPhase section */

/* Begin PBXGroup section */
		489A01F72F310CB1002A2A88 = {
			isa = PBXGroup;
			children = (
				489A02022F310CB2002A2A88 /* debtr */,
				489A02132F310CB3002A2A88 /* debtrTests */,
				489A021D2F310CB3002A2A88 /* debtrUITests */,
				489A02012F310CB2002A2A88 /* Products */,
			);
			sourceTree = "<group>";
		};
		489A02012F310CB2002A2A88 /* Products */ = {
			isa = PBXGroup;
			children = (
				489A02002F310CB2002A2A88 /* debtr.app */,
				489A02102F310CB3002A2A88 /* debtrTests.xctest */,
				489A021A2F310CB3002A2A88 /* debtrUITests.xctest */,
			);
			name = Products;
			sourceTree = "<group>";
		};
/* End PBXGroup section */

/* Begin PBXNativeTarget section */
		489A01FF2F310CB2002A2A88 /* debtr */ = {
			isa = PBXNativeTarget;
			buildConfigurationList = 489A02242F310CB3002A2A88 /* Build configuration list for PBXNativeTarget "debtr" */;
			buildPhases = (
				489A01FC2F310CB2002A2A88 /* Sources */,
				489A01FD2F310CB2002A2A88 /* Frameworks */,
				489A01FE2F310CB2002A2A88 /* Resources */,
			);
			buildRules = (
			);
			dependencies = (
			);
			fileSystemSynchronizedGroups = (
				489A02022F310CB2002A2A88 /* debtr */,
			);
			name = debtr;
			packageProductDependencies = (
			);
			productName = debtr;
			productReference = 489A02002F310CB2002A2A88 /* debtr.app */;
			productType = "com.apple.product-type.application";
		};
		489A020F2F310CB3002A2A88 /* debtrTests */ = {
			isa = PBXNativeTarget;
			buildConfigurationList = 489A02272F310CB3002A2A88 /* Build configuration list for PBXNativeTarget "debtrTests" */;
			buildPhases = (
				489A020C2F310CB3002A2A88 /* Sources */,
				489A020D2F310CB3002A2A88 /* Frameworks */,
				489A020E2F310CB3002A2A88 /* Resources */,
			);
			buildRules = (
			);
			dependencies = (
				489A02122F310CB3002A2A88 /* PBXTargetDependency */,
			);
			fileSystemSynchronizedGroups = (
				489A02132F310CB3002A2A88 /* debtrTests */,
			);
			name = debtrTests;
			packageProductDependencies = (
			);
			productName = debtrTests;
			productReference = 489A02102F310CB3002A2A88 /* debtrTests.xctest */;
			productType = "com.apple.product-type.bundle.unit-test";
		};
		489A02192F310CB3002A2A88 /* debtrUITests */ = {
			isa = PBXNativeTarget;
			buildConfigurationList = 489A022A2F310CB3002A2A88 /* Build configuration list for PBXNativeTarget "debtrUITests" */;
			buildPhases = (
				489A02162F310CB3002A2A88 /* Sources */,
				489A02172F310CB3002A2A88 /* Frameworks */,
				489A02182F310CB3002A2A88 /* Resources */,
			);
			buildRules = (
			);
			dependencies = (
				489A021C2F310CB3002A2A88 /* PBXTargetDependency */,
			);
			fileSystemSynchronizedGroups = (
				489A021D2F310CB3002A2A88 /* debtrUITests */,
			);
			name = debtrUITests;
			packageProductDependencies = (
			);
			productName = debtrUITests;
			productReference = 489A021A2F310CB3002A2A88 /* debtrUITests.xctest */;
			productType = "com.apple.product-type.bundle.ui-testing";
		};
/* End PBXNativeTarget section */

/* Begin PBXProject section */
		489A01F82F310CB1002A2A88 /* Project object */ = {
			isa = PBXProject;
			attributes = {
				BuildIndependentTargetsInParallel = 1;
				LastSwiftUpdateCheck = 1640;
				LastUpgradeCheck = 1640;
				TargetAttributes = {
					489A01FF2F310CB2002A2A88 = {
						CreatedOnToolsVersion = 16.4;
					};
					489A020F2F310CB3002A2A88 = {
						CreatedOnToolsVersion = 16.4;
						TestTargetID = 489A01FF2F310CB2002A2A88;
					};
					489A02192F310CB3002A2A88 = {
						CreatedOnToolsVersion = 16.4;
						TestTargetID = 489A01FF2F310CB2002A2A88;
					};
				};
			};
			buildConfigurationList = 489A01FB2F310CB2002A2A88 /* Build configuration list for PBXProject "debtr" */;
			developmentRegion = en;
			hasScannedForEncodings = 0;
			knownRegions = (
				en,
				Base,
			);
			mainGroup = 489A01F72F310CB1002A2A88;
			minimizedProjectReferenceProxies = 1;
			preferredProjectObjectVersion = 77;
			productRefGroup = 489A02012F310CB2002A2A88 /* Products */;
			projectDirPath = "";
			projectRoot = "";
			targets = (
				489A01FF2F310CB2002A2A88 /* debtr */,
				489A020F2F310CB3002A2A88 /* debtrTests */,
				489A02192F310CB3002A2A88 /* debtrUITests */,
			);
		};
/* End PBXProject section */

/* Begin PBXResourcesBuildPhase section */
		489A01FE2F310CB2002A2A88 /* Resources */ = {
			isa = PBXResourcesBuildPhase;
			buildActionMask = 2147483647;
			files = (
			);
			runOnlyForDeploymentPostprocessing = 0;
		};
		489A020E2F310CB3002A2A88 /* Resources */ = {
			isa = PBXResourcesBuildPhase;
			buildActionMask = 2147483647;
			files = (
			);
			runOnlyForDeploymentPostprocessing = 0;
		};
		489A02182F310CB3002A2A88 /* Resources */ = {
			isa = PBXResourcesBuildPhase;
			buildActionMask = 2147483647;
			files = (
			);
			runOnlyForDeploymentPostprocessing = 0;
		};
/* End PBXResourcesBuildPhase section */

/* Begin PBXSourcesBuildPhase section */
		489A01FC2F310CB2002A2A88 /* Sources */ = {
			isa = PBXSourcesBuildPhase;
			buildActionMask = 2147483647;
			files = (
			);
			runOnlyForDeploymentPostprocessing = 0;
		};
		489A020C2F310CB3002A2A88 /* Sources */ = {
			isa = PBXSourcesBuildPhase;
			buildActionMask = 2147483647;
			files = (
			);
			runOnlyForDeploymentPostprocessing = 0;
		};
		489A02162F310CB3002A2A88 /* Sources */ = {
			isa = PBXSourcesBuildPhase;
			buildActionMask = 2147483647;
			files = (
			);
			runOnlyForDeploymentPostprocessing = 0;
		};
/* End PBXSourcesBuildPhase section */

/* Begin PBXTargetDependency section */
		489A02122F310CB3002A2A88 /* PBXTargetDependency */ = {
			isa = PBXTargetDependency;
			target = 489A01FF2F310CB2002A2A88 /* debtr */;
			targetProxy = 489A02112F310CB3002A2A88 /* PBXContainerItemProxy */;
		};
		489A021C2F310CB3002A2A88 /* PBXTargetDependency */ = {
			isa = PBXTargetDependency;
			target = 489A01FF2F310CB2002A2A88 /* debtr */;
			targetProxy = 489A021B2F310CB3002A2A88 /* PBXContainerItemProxy */;
		};
/* End PBXTargetDependency section */

/* Begin XCBuildConfiguration section */
		489A02222F310CB3002A2A88 /* Debug */ = {
			isa = XCBuildConfiguration;
			buildSettings = {
				ALWAYS_SEARCH_USER_PATHS = NO;
				ASSETCATALOG_COMPILER_GENERATE_SWIFT_ASSET_SYMBOL_EXTENSIONS = YES;
				CLANG_ANALYZER_NONNULL = YES;
				CLANG_ANALYZER_NUMBER_OBJECT_CONVERSION = YES_AGGRESSIVE;
				CLANG_CXX_LANGUAGE_STANDARD = "gnu++20";
				CLANG_ENABLE_MODULES = YES;
				CLANG_ENABLE_OBJC_ARC = YES;
				CLANG_ENABLE_OBJC_WEAK = YES;
				CLANG_WARN_BLOCK_CAPTURE_AUTORELEASING = YES;
				CLANG_WARN_BOOL_CONVERSION = YES;
				CLANG_WARN_COMMA = YES;
				CLANG_WARN_CONSTANT_CONVERSION = YES;
				CLANG_WARN_DEPRECATED_OBJC_IMPLEMENTATIONS = YES;
				CLANG_WARN_DIRECT_OBJC_ISA_USAGE = YES_ERROR;
				CLANG_WARN_DOCUMENTATION_COMMENTS = YES;
				CLANG_WARN_EMPTY_BODY = YES;
				CLANG_WARN_ENUM_CONVERSION = YES;
				CLANG_WARN_INFINITE_RECURSION = YES;
				CLANG_WARN_INT_CONVERSION = YES;
				CLANG_WARN_NON_LITERAL_NULL_CONVERSION = YES;
				CLANG_WARN_OBJC_IMPLICIT_RETAIN_SELF = YES;
				CLANG_WARN_OBJC_LITERAL_CONVERSION = YES;
				CLANG_WARN_OBJC_ROOT_CLASS = YES_ERROR;
				CLANG_WARN_QUOTED_INCLUDE_IN_FRAMEWORK_HEADER = YES;
				CLANG_WARN_RANGE_LOOP_ANALYSIS = YES;
				CLANG_WARN_STRICT_PROTOTYPES = YES;
				CLANG_WARN_SUSPICIOUS_MOVE = YES;
				CLANG_WARN_UNGUARDED_AVAILABILITY = YES_AGGRESSIVE;
				CLANG_WARN_UNREACHABLE_CODE = YES;
				CLANG_WARN__DUPLICATE_METHOD_MATCH = YES;
				COPY_PHASE_STRIP = NO;
				DEBUG_INFORMATION_FORMAT = dwarf;
				ENABLE_STRICT_OBJC_MSGSEND = YES;
				ENABLE_TESTABILITY = YES;
				ENABLE_USER_SCRIPT_SANDBOXING = YES;
				GCC_C_LANGUAGE_STANDARD = gnu17;
				GCC_DYNAMIC_NO_PIC = NO;
				GCC_NO_COMMON_BLOCKS = YES;
				GCC_OPTIMIZATION_LEVEL = 0;
				GCC_PREPROCESSOR_DEFINITIONS = (
					"DEBUG=1",
					"$(inherited)",
				);
				GCC_WARN_64_TO_32_BIT_CONVERSION = YES;
				GCC_WARN_ABOUT_RETURN_TYPE = YES_ERROR;
				GCC_WARN_UNDECLARED_SELECTOR = YES;
				GCC_WARN_UNINITIALIZED_AUTOS = YES_AGGRESSIVE;
				GCC_WARN_UNUSED_FUNCTION = YES;
				GCC_WARN_UNUSED_VARIABLE = YES;
				LOCALIZATION_PREFERS_STRING_CATALOGS = YES;
				MACOSX_DEPLOYMENT_TARGET = 15.5;
				MTL_ENABLE_DEBUG_INFO = INCLUDE_SOURCE;
				MTL_FAST_MATH = YES;
				ONLY_ACTIVE_ARCH = YES;
				SDKROOT = macosx;
				SWIFT_ACTIVE_COMPILATION_CONDITIONS = "DEBUG $(inherited)";
				SWIFT_OPTIMIZATION_LEVEL = "-Onone";
			};
			name = Debug;
		};
		489A02232F310CB3002A2A88 /* Release */ = {
			isa = XCBuildConfiguration;
			buildSettings = {
				ALWAYS_SEARCH_USER_PATHS = NO;
				ASSETCATALOG_COMPILER_GENERATE_SWIFT_ASSET_SYMBOL_EXTENSIONS = YES;
				CLANG_ANALYZER_NONNULL = YES;
				CLANG_ANALYZER_NUMBER_OBJECT_CONVERSION = YES_AGGRESSIVE;
				CLANG_CXX_LANGUAGE_STANDARD = "gnu++20";
				CLANG_ENABLE_MODULES = YES;
				CLANG_ENABLE_OBJC_ARC = YES;
				CLANG_ENABLE_OBJC_WEAK = YES;
				CLANG_WARN_BLOCK_CAPTURE_AUTORELEASING = YES;
				CLANG_WARN_BOOL_CONVERSION = YES;
				CLANG_WARN_COMMA = YES;
				CLANG_WARN_CONSTANT_CONVERSION = YES;
				CLANG_WARN_DEPRECATED_OBJC_IMPLEMENTATIONS = YES;
				CLANG_WARN_DIRECT_OBJC_ISA_USAGE = YES_ERROR;
				CLANG_WARN_DOCUMENTATION_COMMENTS = YES;
				CLANG_WARN_EMPTY_BODY = YES;
				CLANG_WARN_ENUM_CONVERSION = YES;
				CLANG_WARN_INFINITE_RECURSION = YES;
				CLANG_WARN_INT_CONVERSION = YES;
				CLANG_WARN_NON_LITERAL_NULL_CONVERSION = YES;
				CLANG_WARN_OBJC_IMPLICIT_RETAIN_SELF = YES;
				CLANG_WARN_OBJC_LITERAL_CONVERSION = YES;
				CLANG_WARN_OBJC_ROOT_CLASS = YES_ERROR;
				CLANG_WARN_QUOTED_INCLUDE_IN_FRAMEWORK_HEADER = YES;
				CLANG_WARN_RANGE_LOOP_ANALYSIS = YES;
				CLANG_WARN_STRICT_PROTOTYPES = YES;
				CLANG_WARN_SUSPICIOUS_MOVE = YES;
				CLANG_WARN_UNGUARDED_AVAILABILITY = YES_AGGRESSIVE;
				CLANG_WARN_UNREACHABLE_CODE = YES;
				CLANG_WARN__DUPLICATE_METHOD_MATCH = YES;
				COPY_PHASE_STRIP = NO;
				DEBUG_INFORMATION_FORMAT = "dwarf-with-dsym";
				ENABLE_NS_ASSERTIONS = NO;
				ENABLE_STRICT_OBJC_MSGSEND = YES;
				ENABLE_USER_SCRIPT_SANDBOXING = YES;
				GCC_C_LANGUAGE_STANDARD = gnu17;
				GCC_NO_COMMON_BLOCKS = YES;
				GCC_WARN_64_TO_32_BIT_CONVERSION = YES;
				GCC_WARN_ABOUT_RETURN_TYPE = YES_ERROR;
				GCC_WARN_UNDECLARED_SELECTOR = YES;
				GCC_WARN_UNINITIALIZED_AUTOS = YES_AGGRESSIVE;
				GCC_WARN_UNUSED_FUNCTION = YES;
				GCC_WARN_UNUSED_VARIABLE = YES;
				LOCALIZATION_PREFERS_STRING_CATALOGS = YES;
				MACOSX_DEPLOYMENT_TARGET = 15.5;
				MTL_ENABLE_DEBUG_INFO = NO;
				MTL_FAST_MATH = YES;
				SDKROOT = macosx;
				SWIFT_COMPILATION_MODE = wholemodule;
			};
			name = Release;
		};
		489A02252F310CB3002A2A88 /* Debug */ = {
			isa = XCBuildConfiguration;
			buildSettings = {
				ASSETCATALOG_COMPILER_APPICON_NAME = AppIcon;
				ASSETCATALOG_COMPILER_GLOBAL_ACCENT_COLOR_NAME = AccentColor;
				CODE_SIGN_ENTITLEMENTS = debtr/debtr.entitlements;
				CODE_SIGN_STYLE = Automatic;
				COMBINE_HIDPI_IMAGES = YES;
				CURRENT_PROJECT_VERSION = 1;
				ENABLE_PREVIEWS = YES;
				GENERATE_INFOPLIST_FILE = YES;
				INFOPLIST_KEY_NSHumanReadableCopyright = "";
				LD_RUNPATH_SEARCH_PATHS = (
					"$(inherited)",
					"@executable_path/../Frameworks",
				);
				MACOSX_DEPLOYMENT_TARGET = 14.0;
				MARKETING_VERSION = 1.0;
				PRODUCT_BUNDLE_IDENTIFIER = app.oniun.debtr;
				PRODUCT_NAME = "$(TARGET_NAME)";
				REGISTER_APP_GROUPS = YES;
				SWIFT_EMIT_LOC_STRINGS = YES;
				SWIFT_VERSION = 5.0;
			};
			name = Debug;
		};
		489A02262F310CB3002A2A88 /* Release */ = {
			isa = XCBuildConfiguration;
			buildSettings = {
				ASSETCATALOG_COMPILER_APPICON_NAME = AppIcon;
				ASSETCATALOG_COMPILER_GLOBAL_ACCENT_COLOR_NAME = AccentColor;
				CODE_SIGN_ENTITLEMENTS = debtr/debtr.entitlements;
				CODE_SIGN_STYLE = Automatic;
				COMBINE_HIDPI_IMAGES = YES;
				CURRENT_PROJECT_VERSION = 1;
				ENABLE_PREVIEWS = YES;
				GENERATE_INFOPLIST_FILE = YES;
				INFOPLIST_KEY_NSHumanReadableCopyright = "";
				LD_RUNPATH_SEARCH_PATHS = (
					"$(inherited)",
					"@executable_path/../Frameworks",
				);
				MACOSX_DEPLOYMENT_TARGET = 14.0;
				MARKETING_VERSION = 1.0;
				PRODUCT_BUNDLE_IDENTIFIER = app.oniun.debtr;
				PRODUCT_NAME = "$(TARGET_NAME)";
				REGISTER_APP_GROUPS = YES;
				SWIFT_EMIT_LOC_STRINGS = YES;
				SWIFT_VERSION = 5.0;
			};
			name = Release;
		};
		489A02282F310CB3002A2A88 /* Debug */ = {
			isa = XCBuildConfiguration;
			buildSettings = {
				BUNDLE_LOADER = "$(TEST_HOST)";
				CODE_SIGN_STYLE = Automatic;
				CURRENT_PROJECT_VERSION = 1;
				GENERATE_INFOPLIST_FILE = YES;
				MACOSX_DEPLOYMENT_TARGET = 14.0;
				MARKETING_VERSION = 1.0;
				PRODUCT_BUNDLE_IDENTIFIER = app.oniun.debtrTests;
				PRODUCT_NAME = "$(TARGET_NAME)";
				SWIFT_EMIT_LOC_STRINGS = NO;
				SWIFT_VERSION = 5.0;
				TEST_HOST = "$(BUILT_PRODUCTS_DIR)/debtr.app/$(BUNDLE_EXECUTABLE_FOLDER_PATH)/debtr";
			};
			name = Debug;
		};
		489A02292F310CB3002A2A88 /* Release */ = {
			isa = XCBuildConfiguration;
			buildSettings = {
				BUNDLE_LOADER = "$(TEST_HOST)";
				CODE_SIGN_STYLE = Automatic;
				CURRENT_PROJECT_VERSION = 1;
				GENERATE_INFOPLIST_FILE = YES;
				MACOSX_DEPLOYMENT_TARGET = 14.0;
				MARKETING_VERSION = 1.0;
				PRODUCT_BUNDLE_IDENTIFIER = app.oniun.debtrTests;
				PRODUCT_NAME = "$(TARGET_NAME)";
				SWIFT_EMIT_LOC_STRINGS = NO;
				SWIFT_VERSION = 5.0;
				TEST_HOST = "$(BUILT_PRODUCTS_DIR)/debtr.app/$(BUNDLE_EXECUTABLE_FOLDER_PATH)/debtr";
			};
			name = Release;
		};
		489A022B2F310CB3002A2A88 /* Debug */ = {
			isa = XCBuildConfiguration;
			buildSettings = {
				CODE_SIGN_STYLE = Automatic;
				CURRENT_PROJECT_VERSION = 1;
				GENERATE_INFOPLIST_FILE = YES;
				MARKETING_VERSION = 1.0;
				PRODUCT_BUNDLE_IDENTIFIER = app.oniun.debtrUITests;
				PRODUCT_NAME = "$(TARGET_NAME)";
				SWIFT_EMIT_LOC_STRINGS = NO;
				SWIFT_VERSION = 5.0;
				TEST_TARGET_NAME = debtr;
			};
			name = Debug;
		};
		489A022C2F310CB3002A2A88 /* Release */ = {
			isa = XCBuildConfiguration;
			buildSettings = {
				CODE_SIGN_STYLE = Automatic;
				CURRENT_PROJECT_VERSION = 1;
				GENERATE_INFOPLIST_FILE = YES;
				MARKETING_VERSION = 1.0;
				PRODUCT_BUNDLE_IDENTIFIER = app.oniun.debtrUITests;
				PRODUCT_NAME = "$(TARGET_NAME)";
				SWIFT_EMIT_LOC_STRINGS = NO;
				SWIFT_VERSION = 5.0;
				TEST_TARGET_NAME = debtr;
			};
			name = Release;
		};
/* End XCBuildConfiguration section */

/* Begin XCConfigurationList section */
		489A01FB2F310CB2002A2A88 /* Build configuration list for PBXProject "debtr" */ = {
			isa = XCConfigurationList;
			buildConfigurations = (
				489A02222F310CB3002A2A88 /* Debug */,
				489A02232F310CB3002A2A88 /* Release */,
			);
			defaultConfigurationIsVisible = 0;
			defaultConfigurationName = Release;
		};
		489A02242F310CB3002A2A88 /* Build configuration list for PBXNativeTarget "debtr" */ = {
			isa = XCConfigurationList;
			buildConfigurations = (
				489A02252F310CB3002A2A88 /* Debug */,
				489A02262F310CB3002A2A88 /* Release */,
			);
			defaultConfigurationIsVisible = 0;
			defaultConfigurationName = Release;
		};
		489A02272F310CB3002A2A88 /* Build configuration list for PBXNativeTarget "debtrTests" */ = {
			isa = XCConfigurationList;
			buildConfigurations = (
				489A02282F310CB3002A2A88 /* Debug */,
				489A02292F310CB3002A2A88 /* Release */,
			);
			defaultConfigurationIsVisible = 0;
			defaultConfigurationName = Release;
		};
		489A022A2F310CB3002A2A88 /* Build configuration list for PBXNativeTarget "debtrUITests" */ = {
			isa = XCConfigurationList;
			buildConfigurations = (
				489A022B2F310CB3002A2A88 /* Debug */,
				489A022C2F310CB3002A2A88 /* Release */,
			);
			defaultConfigurationIsVisible = 0;
			defaultConfigurationName = Release;
		};
/* End XCConfigurationList section */
	};
	rootObject = 489A01F82F310CB1002A2A88 /* Project object */;
}
